
Microsoft Visual Studio Solution File, Format Version 12.00
# Visual Studio Version 17
VisualStudioVersion = 17.1.32407.343
MinimumVisualStudioVersion = 10.0.40219.1
Project("{9A19103F-16F7-4668-BE54-9A1E7A4F7556}") = "QueryBuilder", "QueryBuilder.csproj", "{BDE1838F-D2C2-4AFA-B852-26A52474DCBA}"
EndProject
Global
	GlobalSection(SolutionConfigurationPlatforms) = preSolution
		Debug|Any CPU = Debug|Any CPU
		Release|Any CPU = Release|Any CPU
	EndGlobalSection
	GlobalSection(ProjectConfigurationPlatforms) = postSolution
		{BDE1838F-D2C2-4AFA-B852-26A52474DCBA}.Debug|Any CPU.ActiveCfg = Debug|Any CPU
		{BDE1838F-D2C2-4AFA-B852-26A52474DCBA}.Debug|Any CPU.Build.0 = Debug|Any CPU
		{BDE1838F-D2C2-4AFA-B852-26A52474DCBA}.Release|Any CPU.ActiveCfg = Release|Any CPU
		{BDE1838F-D2C2-4AFA-B852-26A52474DCBA}.Release|Any CPU.Build.0 = Release|Any CPU
	EndGlobalSection
	GlobalSection(SolutionProperties) = preSolution
		HideSolutionNode = FALSE
	EndGlobalSection
	GlobalSection(ExtensibilityGlobals) = postSolution
		SolutionGuid = {056BD97F-27E3-4242-B0F8-8CEBB4B95DD0}
	EndGlobalSection
EndGlobal
